// !$*UTF8*$!
{
	archiveVersion = 1;
	classes = {
	};
	objectVersion = 55;
	objects = {

/* Begin PBXBuildFile section */
		4AA24B822898C168007801E0 /* Tests_iOS.swift in Sources */ = {isa = PBXBuildFile; fileRef = 4AA24B812898C168007801E0 /* Tests_iOS.swift */; };
		4AA24B842898C168007801E0 /* Tests_iOSLaunchTests.swift in Sources */ = {isa = PBXBuildFile; fileRef = 4AA24B832898C168007801E0 /* Tests_iOSLaunchTests.swift */; };
		4AA24B8E2898C168007801E0 /* Tests_macOS.swift in Sources */ = {isa = PBXBuildFile; fileRef = 4AA24B8D2898C168007801E0 /* Tests_macOS.swift */; };
		4AA24B902898C168007801E0 /* Tests_macOSLaunchTests.swift in Sources */ = {isa = PBXBuildFile; fileRef = 4AA24B8F2898C168007801E0 /* Tests_macOSLaunchTests.swift */; };
		4AA24B912898C168007801E0 /* GentleAppApp.swift in Sources */ = {isa = PBXBuildFile; fileRef = 4AA24B692898C164007801E0 /* GentleAppApp.swift */; };
		4AA24B922898C168007801E0 /* GentleAppApp.swift in Sources */ = {isa = PBXBuildFile; fileRef = 4AA24B692898C164007801E0 /* GentleAppApp.swift */; };
		4AA24B932898C168007801E0 /* ContentView.swift in Sources */ = {isa = PBXBuildFile; fileRef = 4AA24B6A2898C164007801E0 /* ContentView.swift */; };
		4AA24B942898C168007801E0 /* ContentView.swift in Sources */ = {isa = PBXBuildFile; fileRef = 4AA24B6A2898C164007801E0 /* ContentView.swift */; };
		4AA24B952898C168007801E0 /* Assets.xcassets in Resources */ = {isa = PBXBuildFile; fileRef = 4AA24B6B2898C167007801E0 /* Assets.xcassets */; };
		4AA24B962898C168007801E0 /* Assets.xcassets in Resources */ = {isa = PBXBuildFile; fileRef = 4AA24B6B2898C167007801E0 /* Assets.xcassets */; };
/* End PBXBuildFile section */

/* Begin PBXContainerItemProxy section */
		4AA24B7E2898C168007801E0 /* PBXContainerItemProxy */ = {
			isa = PBXContainerItemProxy;
			containerPortal = 4AA24B642898C164007801E0 /* Project object */;
			proxyType = 1;
			remoteGlobalIDString = 4AA24B6F2898C167007801E0;
			remoteInfo = "GentleApp (iOS)";
		};
		4AA24B8A2898C168007801E0 /* PBXContainerItemProxy */ = {
			isa = PBXContainerItemProxy;
			containerPortal = 4AA24B642898C164007801E0 /* Project object */;
			proxyType = 1;
			remoteGlobalIDString = 4AA24B752898C168007801E0;
			remoteInfo = "GentleApp (macOS)";
		};
/* End PBXContainerItemProxy section */

/* Begin PBXFileReference section */
		4AA24B692898C164007801E0 /* GentleAppApp.swift */ = {isa = PBXFileReference; lastKnownFileType = sourcecode.swift; path = GentleAppApp.swift; sourceTree = "<group>"; };
		4AA24B6A2898C164007801E0 /* ContentView.swift */ = {isa = PBXFileReference; lastKnownFileType = sourcecode.swift; path = ContentView.swift; sourceTree = "<group>"; };
		4AA24B6B2898C167007801E0 /* Assets.xcassets */ = {isa = PBXFileReference; lastKnownFileType = folder.assetcatalog; path = Assets.xcassets; sourceTree = "<group>"; };
		4AA24B702898C167007801E0 /* GentleApp.app */ = {isa = PBXFileReference; explicitFileType = wrapper.application; includeInIndex = 0; path = GentleApp.app; sourceTree = BUILT_PRODUCTS_DIR; };
		4AA24B762898C168007801E0 /* GentleApp.app */ = {isa = PBXFileReference; explicitFileType = wrapper.application; includeInIndex = 0; path = GentleApp.app; sourceTree = BUILT_PRODUCTS_DIR; };
		4AA24B782898C168007801E0 /* macOS.entitlements */ = {isa = PBXFileReference; lastKnownFileType = text.plist.entitlements; path = macOS.entitlements; sourceTree = "<group>"; };
		4AA24B7D2898C168007801E0 /* Tests iOS.xctest */ = {isa = PBXFileReference; explicitFileType = wrapper.cfbundle; includeInIndex = 0; path = "Tests iOS.xctest"; sourceTree = BUILT_PRODUCTS_DIR; };
		4AA24B812898C168007801E0 /* Tests_iOS.swift */ = {isa = PBXFileReference; lastKnownFileType = sourcecode.swift; path = Tests_iOS.swift; sourceTree = "<group>"; };
		4AA24B832898C168007801E0 /* Tests_iOSLaunchTests.swift */ = {isa = PBXFileReference; lastKnownFileType = sourcecode.swift; path = Tests_iOSLaunchTests.swift; sourceTree = "<group>"; };
		4AA24B892898C168007801E0 /* Tests macOS.xctest */ = {isa = PBXFileReference; explicitFileType = wrapper.cfbundle; includeInIndex = 0; path = "Tests macOS.xctest"; sourceTree = BUILT_PRODUCTS_DIR; };
		4AA24B8D2898C168007801E0 /* Tests_macOS.swift */ = {isa = PBXFileReference; lastKnownFileType = sourcecode.swift; path = Tests_macOS.swift; sourceTree = "<group>"; };
		4AA24B8F2898C168007801E0 /* Tests_macOSLaunchTests.swift */ = {isa = PBXFileReference; lastKnownFileType = sourcecode.swift; path = Tests_macOSLaunchTests.swift; sourceTree = "<group>"; };
/* End PBXFileReference section */

/* Begin PBXFrameworksBuildPhase section */
		4AA24B6D2898C167007801E0 /* Frameworks */ = {
			isa = PBXFrameworksBuildPhase;
			buildActionMask = 2147483647;
			files = (
			);
			runOnlyForDeploymentPostprocessing = 0;
		};
		4AA24B732898C168007801E0 /* Frameworks */ = {
			isa = PBXFrameworksBuildPhase;
			buildActionMask = 2147483647;
			files = (
			);
			runOnlyForDeploymentPostprocessing = 0;
		};
		4AA24B7A2898C168007801E0 /* Frameworks */ = {
			isa = PBXFrameworksBuildPhase;
			buildActionMask = 2147483647;
			files = (
			);
			runOnlyForDeploymentPostprocessing = 0;
		};
		4AA24B862898C168007801E0 /* Frameworks */ = {
			isa = PBXFrameworksBuildPhase;
			buildActionMask = 2147483647;
			files = (
			);
			runOnlyForDeploymentPostprocessing = 0;
		};
/* End PBXFrameworksBuildPhase section */

/* Begin PBXGroup section */
		4AA24B632898C164007801E0 = {
			isa = PBXGroup;
			children = (
				4AA24B682898C164007801E0 /* Shared */,
				4AA24B772898C168007801E0 /* macOS */,
				4AA24B802898C168007801E0 /* Tests iOS */,
				4AA24B8C2898C168007801E0 /* Tests macOS */,
				4AA24B712898C167007801E0 /* Products */,
			);
			sourceTree = "<group>";
		};
		4AA24B682898C164007801E0 /* Shared */ = {
			isa = PBXGroup;
			children = (
				4AA24B692898C164007801E0 /* GentleAppApp.swift */,
				4AA24B6A2898C164007801E0 /* ContentView.swift */,
				4AA24B6B2898C167007801E0 /* Assets.xcassets */,
			);
			path = Shared;
			sourceTree = "<group>";
		};
		4AA24B712898C167007801E0 /* Products */ = {
			isa = PBXGroup;
			children = (
				4AA24B702898C167007801E0 /* GentleApp.app */,
				4AA24B762898C168007801E0 /* GentleApp.app */,
				4AA24B7D2898C168007801E0 /* Tests iOS.xctest */,
				4AA24B892898C168007801E0 /* Tests macOS.xctest */,
			);
			name = Products;
			sourceTree = "<group>";
		};
		4AA24B772898C168007801E0 /* macOS */ = {
			isa = PBXGroup;
			children = (
				4AA24B782898C168007801E0 /* macOS.entitlements */,
			);
			path = macOS;
			sourceTree = "<group>";
		};
		4AA24B802898C168007801E0 /* Tests iOS */ = {
			isa = PBXGroup;
			children = (
				4AA24B812898C168007801E0 /* Tests_iOS.swift */,
				4AA24B832898C168007801E0 /* Tests_iOSLaunchTests.swift */,
			);
			path = "Tests iOS";
			sourceTree = "<group>";
		};
		4AA24B8C2898C168007801E0 /* Tests macOS */ = {
			isa = PBXGroup;
			children = (
				4AA24B8D2898C168007801E0 /* Tests_macOS.swift */,
				4AA24B8F2898C168007801E0 /* Tests_macOSLaunchTests.swift */,
			);
			path = "Tests macOS";
			sourceTree = "<group>";
		};
/* End PBXGroup section */

/* Begin PBXNativeTarget section */
		4AA24B6F2898C167007801E0 /* GentleApp (iOS) */ = {
			isa = PBXNativeTarget;
			buildConfigurationList = 4AA24B992898C168007801E0 /* Build configuration list for PBXNativeTarget "GentleApp (iOS)" */;
			buildPhases = (
				4AA24B6C2898C167007801E0 /* Sources */,
				4AA24B6D2898C167007801E0 /* Frameworks */,
				4AA24B6E2898C167007801E0 /* Resources */,
			);
			buildRules = (
			);
			dependencies = (
			);
			name = "GentleApp (iOS)";
			productName = "GentleApp (iOS)";
			productReference = 4AA24B702898C167007801E0 /* GentleApp.app */;
			productType = "com.apple.product-type.application";
		};
		4AA24B752898C168007801E0 /* GentleApp (macOS) */ = {
			isa = PBXNativeTarget;
			buildConfigurationList = 4AA24B9C2898C168007801E0 /* Build configuration list for PBXNativeTarget "GentleApp (macOS)" */;
			buildPhases = (
				4AA24B722898C168007801E0 /* Sources */,
				4AA24B732898C168007801E0 /* Frameworks */,
				4AA24B742898C168007801E0 /* Resources */,
			);
			buildRules = (
			);
			dependencies = (
			);
			name = "GentleApp (macOS)";
			productName = "GentleApp (macOS)";
			productReference = 4AA24B762898C168007801E0 /* GentleApp.app */;
			productType = "com.apple.product-type.application";
		};
		4AA24B7C2898C168007801E0 /* Tests iOS */ = {
			isa = PBXNativeTarget;
			buildConfigurationList = 4AA24B9F2898C168007801E0 /* Build configuration list for PBXNativeTarget "Tests iOS" */;
			buildPhases = (
				4AA24B792898C168007801E0 /* Sources */,
				4AA24B7A2898C168007801E0 /* Frameworks */,
				4AA24B7B2898C168007801E0 /* Resources */,
			);
			buildRules = (
			);
			dependencies = (
				4AA24B7F2898C168007801E0 /* PBXTargetDependency */,
			);
			name = "Tests iOS";
			productName = "Tests iOS";
			productReference = 4AA24B7D2898C168007801E0 /* Tests iOS.xctest */;
			productType = "com.apple.product-type.bundle.ui-testing";
		};
		4AA24B882898C168007801E0 /* Tests macOS */ = {
			isa = PBXNativeTarget;
			buildConfigurationList = 4AA24BA22898C168007801E0 /* Build configuration list for PBXNativeTarget "Tests macOS" */;
			buildPhases = (
				4AA24B852898C168007801E0 /* Sources */,
				4AA24B862898C168007801E0 /* Frameworks */,
				4AA24B872898C168007801E0 /* Resources */,
			);
			buildRules = (
			);
			dependencies = (
				4AA24B8B2898C168007801E0 /* PBXTargetDependency */,
			);
			name = "Tests macOS";
			productName = "Tests macOS";
			productReference = 4AA24B892898C168007801E0 /* Tests macOS.xctest */;
			productType = "com.apple.product-type.bundle.ui-testing";
		};
/* End PBXNativeTarget section */

/* Begin PBXProject section */
		4AA24B642898C164007801E0 /* Project object */ = {
			isa = PBXProject;
			attributes = {
				BuildIndependentTargetsInParallel = 1;
				LastSwiftUpdateCheck = 1340;
				LastUpgradeCheck = 1340;
				TargetAttributes = {
					4AA24B6F2898C167007801E0 = {
						CreatedOnToolsVersion = 13.4.1;
					};
					4AA24B752898C168007801E0 = {
						CreatedOnToolsVersion = 13.4.1;
					};
					4AA24B7C2898C168007801E0 = {
						CreatedOnToolsVersion = 13.4.1;
						TestTargetID = 4AA24B6F2898C167007801E0;
					};
					4AA24B882898C168007801E0 = {
						CreatedOnToolsVersion = 13.4.1;
						TestTargetID = 4AA24B752898C168007801E0;
					};
				};
			};
			buildConfigurationList = 4AA24B672898C164007801E0 /* Build configuration list for PBXProject "GentleApp" */;
			compatibilityVersion = "Xcode 13.0";
			developmentRegion = en;
			hasScannedForEncodings = 0;
			knownRegions = (
				en,
				Base,
			);
			mainGroup = 4AA24B632898C164007801E0;
			productRefGroup = 4AA24B712898C167007801E0 /* Products */;
			projectDirPath = "";
			projectRoot = "";
			targets = (
				4AA24B6F2898C167007801E0 /* GentleApp (iOS) */,
				4AA24B752898C168007801E0 /* GentleApp (macOS) */,
				4AA24B7C2898C168007801E0 /* Tests iOS */,
				4AA24B882898C168007801E0 /* Tests macOS */,
			);
		};
/* End PBXProject section */

/* Begin PBXResourcesBuildPhase section */
		4AA24B6E2898C167007801E0 /* Resources */ = {
			isa = PBXResourcesBuildPhase;
			buildActionMask = 2147483647;
			files = (
				4AA24B952898C168007801E0 /* Assets.xcassets in Resources */,
			);
			runOnlyForDeploymentPostprocessing = 0;
		};
		4AA24B742898C168007801E0 /* Resources */ = {
			isa = PBXResourcesBuildPhase;
			buildActionMask = 2147483647;
			files = (
				4AA24B962898C168007801E0 /* Assets.xcassets in Resources */,
			);
			runOnlyForDeploymentPostprocessing = 0;
		};
		4AA24B7B2898C168007801E0 /* Resources */ = {
			isa = PBXResourcesBuildPhase;
			buildActionMask = 2147483647;
			files = (
			);
			runOnlyForDeploymentPostprocessing = 0;
		};
		4AA24B872898C168007801E0 /* Resources */ = {
			isa = PBXResourcesBuildPhase;
			buildActionMask = 2147483647;
			files = (
			);
			runOnlyForDeploymentPostprocessing = 0;
		};
/* End PBXResourcesBuildPhase section */

/* Begin PBXSourcesBuildPhase section */
		4AA24B6C2898C167007801E0 /* Sources */ = {
			isa = PBXSourcesBuildPhase;
			buildActionMask = 2147483647;
			files = (
				4AA24B932898C168007801E0 /* ContentView.swift in Sources */,
				4AA24B912898C168007801E0 /* GentleAppApp.swift in Sources */,
			);
			runOnlyForDeploymentPostprocessing = 0;
		};
		4AA24B722898C168007801E0 /* Sources */ = {
			isa = PBXSourcesBuildPhase;
			buildActionMask = 2147483647;
			files = (
				4AA24B942898C168007801E0 /* ContentView.swift in Sources */,
				4AA24B922898C168007801E0 /* GentleAppApp.swift in Sources */,
			);
			runOnlyForDeploymentPostprocessing = 0;
		};
		4AA24B792898C168007801E0 /* Sources */ = {
			isa = PBXSourcesBuildPhase;
			buildActionMask = 2147483647;
			files = (
				4AA24B842898C168007801E0 /* Tests_iOSLaunchTests.swift in Sources */,
				4AA24B822898C168007801E0 /* Tests_iOS.swift in Sources */,
			);
			runOnlyForDeploymentPostprocessing = 0;
		};
		4AA24B852898C168007801E0 /* Sources */ = {
			isa = PBXSourcesBuildPhase;
			buildActionMask = 2147483647;
			files = (
				4AA24B902898C168007801E0 /* Tests_macOSLaunchTests.swift in Sources */,
				4AA24B8E2898C168007801E0 /* Tests_macOS.swift in Sources */,
			);
			runOnlyForDeploymentPostprocessing = 0;
		};
/* End PBXSourcesBuildPhase section */

/* Begin PBXTargetDependency section */
		4AA24B7F2898C168007801E0 /* PBXTargetDependency */ = {
			isa = PBXTargetDependency;
			target = 4AA24B6F2898C167007801E0 /* GentleApp (iOS) */;
			targetProxy = 4AA24B7E2898C168007801E0 /* PBXContainerItemProxy */;
		};
		4AA24B8B2898C168007801E0 /* PBXTargetDependency */ = {
			isa = PBXTargetDependency;
			target = 4AA24B752898C168007801E0 /* GentleApp (macOS) */;
			targetProxy = 4AA24B8A2898C168007801E0 /* PBXContainerItemProxy */;
		};
/* End PBXTargetDependency section */

/* Begin XCBuildConfiguration section */
		4AA24B972898C168007801E0 /* Debug */ = {
			isa = XCBuildConfiguration;
			buildSettings = {
				ALWAYS_SEARCH_USER_PATHS = NO;
				CLANG_ANALYZER_NONNULL = YES;
				CLANG_ANALYZER_NUMBER_OBJECT_CONVERSION = YES_AGGRESSIVE;
				CLANG_CXX_LANGUAGE_STANDARD = "gnu++17";
				CLANG_ENABLE_MODULES = YES;
				CLANG_ENABLE_OBJC_ARC = YES;
				CLANG_ENABLE_OBJC_WEAK = YES;
				CLANG_WARN_BLOCK_CAPTURE_AUTORELEASING = YES;
				CLANG_WARN_BOOL_CONVERSION = YES;
				CLANG_WARN_COMMA = YES;
				CLANG_WARN_CONSTANT_CONVERSION = YES;
				CLANG_WARN_DEPRECATED_OBJC_IMPLEMENTATIONS = YES;
				CLANG_WARN_DIRECT_OBJC_ISA_USAGE = YES_ERROR;
				CLANG_WARN_DOCUMENTATION_COMMENTS = YES;
				CLANG_WARN_EMPTY_BODY = YES;
				CLANG_WARN_ENUM_CONVERSION = YES;
				CLANG_WARN_INFINITE_RECURSION = YES;
				CLANG_WARN_INT_CONVERSION = YES;
				CLANG_WARN_NON_LITERAL_NULL_CONVERSION = YES;
				CLANG_WARN_OBJC_IMPLICIT_RETAIN_SELF = YES;
				CLANG_WARN_OBJC_LITERAL_CONVERSION = YES;
				CLANG_WARN_OBJC_ROOT_CLASS = YES_ERROR;
				CLANG_WARN_QUOTED_INCLUDE_IN_FRAMEWORK_HEADER = YES;
				CLANG_WARN_RANGE_LOOP_ANALYSIS = YES;
				CLANG_WARN_STRICT_PROTOTYPES = YES;
				CLANG_WARN_SUSPICIOUS_MOVE = YES;
				CLANG_WARN_UNGUARDED_AVAILABILITY = YES_AGGRESSIVE;
				CLANG_WARN_UNREACHABLE_CODE = YES;
				CLANG_WARN__DUPLICATE_METHOD_MATCH = YES;
				COPY_PHASE_STRIP = NO;
				DEBUG_INFORMATION_FORMAT = dwarf;
				ENABLE_STRICT_OBJC_MSGSEND = YES;
				ENABLE_TESTABILITY = YES;
				GCC_C_LANGUAGE_STANDARD = gnu11;
				GCC_DYNAMIC_NO_PIC = NO;
				GCC_NO_COMMON_BLOCKS = YES;
				GCC_OPTIMIZATION_LEVEL = 0;
				GCC_PREPROCESSOR_DEFINITIONS = (
					"DEBUG=1",
					"$(inherited)",
				);
				GCC_WARN_64_TO_32_BIT_CONVERSION = YES;
				GCC_WARN_ABOUT_RETURN_TYPE = YES_ERROR;
				GCC_WARN_UNDECLARED_SELECTOR = YES;
				GCC_WARN_UNINITIALIZED_AUTOS = YES_AGGRESSIVE;
				GCC_WARN_UNUSED_FUNCTION = YES;
				GCC_WARN_UNUSED_VARIABLE = YES;
				MTL_ENABLE_DEBUG_INFO = INCLUDE_SOURCE;
				MTL_FAST_MATH = YES;
				ONLY_ACTIVE_ARCH = YES;
				SWIFT_ACTIVE_COMPILATION_CONDITIONS = DEBUG;
				SWIFT_OPTIMIZATION_LEVEL = "-Onone";
			};
			name = Debug;
		};
		4AA24B982898C168007801E0 /* Release */ = {
			isa = XCBuildConfiguration;
			buildSettings = {
				ALWAYS_SEARCH_USER_PATHS = NO;
				CLANG_ANALYZER_NONNULL = YES;
				CLANG_ANALYZER_NUMBER_OBJECT_CONVERSION = YES_AGGRESSIVE;
				CLANG_CXX_LANGUAGE_STANDARD = "gnu++17";
				CLANG_ENABLE_MODULES = YES;
				CLANG_ENABLE_OBJC_ARC = YES;
				CLANG_ENABLE_OBJC_WEAK = YES;
				CLANG_WARN_BLOCK_CAPTURE_AUTORELEASING = YES;
				CLANG_WARN_BOOL_CONVERSION = YES;
				CLANG_WARN_COMMA = YES;
				CLANG_WARN_CONSTANT_CONVERSION = YES;
				CLANG_WARN_DEPRECATED_OBJC_IMPLEMENTATIONS = YES;
				CLANG_WARN_DIRECT_OBJC_ISA_USAGE = YES_ERROR;
				CLANG_WARN_DOCUMENTATION_COMMENTS = YES;
				CLANG_WARN_EMPTY_BODY = YES;
				CLANG_WARN_ENUM_CONVERSION = YES;
				CLANG_WARN_INFINITE_RECURSION = YES;
				CLANG_WARN_INT_CONVERSION = YES;
				CLANG_WARN_NON_LITERAL_NULL_CONVERSION = YES;
				CLANG_WARN_OBJC_IMPLICIT_RETAIN_SELF = YES;
				CLANG_WARN_OBJC_LITERAL_CONVERSION = YES;
				CLANG_WARN_OBJC_ROOT_CLASS = YES_ERROR;
				CLANG_WARN_QUOTED_INCLUDE_IN_FRAMEWORK_HEADER = YES;
				CLANG_WARN_RANGE_LOOP_ANALYSIS = YES;
				CLANG_WARN_STRICT_PROTOTYPES = YES;
				CLANG_WARN_SUSPICIOUS_MOVE = YES;
				CLANG_WARN_UNGUARDED_AVAILABILITY = YES_AGGRESSIVE;
				CLANG_WARN_UNREACHABLE_CODE = YES;
				CLANG_WARN__DUPLICATE_METHOD_MATCH = YES;
				COPY_PHASE_STRIP = NO;
				DEBUG_INFORMATION_FORMAT = "dwarf-with-dsym";
				ENABLE_NS_ASSERTIONS = NO;
				ENABLE_STRICT_OBJC_MSGSEND = YES;
				GCC_C_LANGUAGE_STANDARD = gnu11;
				GCC_NO_COMMON_BLOCKS = YES;
				GCC_WARN_64_TO_32_BIT_CONVERSION = YES;
				GCC_WARN_ABOUT_RETURN_TYPE = YES_ERROR;
				GCC_WARN_UNDECLARED_SELECTOR = YES;
				GCC_WARN_UNINITIALIZED_AUTOS = YES_AGGRESSIVE;
				GCC_WARN_UNUSED_FUNCTION = YES;
				GCC_WARN_UNUSED_VARIABLE = YES;
				MTL_ENABLE_DEBUG_INFO = NO;
				MTL_FAST_MATH = YES;
				SWIFT_COMPILATION_MODE = wholemodule;
				SWIFT_OPTIMIZATION_LEVEL = "-O";
			};
			name = Release;
		};
		4AA24B9A2898C168007801E0 /* Debug */ = {
			isa = XCBuildConfiguration;
			buildSettings = {
				ASSETCATALOG_COMPILER_APPICON_NAME = AppIcon;
				ASSETCATALOG_COMPILER_GLOBAL_ACCENT_COLOR_NAME = AccentColor;
				CODE_SIGN_STYLE = Automatic;
				CURRENT_PROJECT_VERSION = 1;
				ENABLE_PREVIEWS = YES;
				GENERATE_INFOPLIST_FILE = YES;
				INFOPLIST_KEY_UIApplicationSceneManifest_Generation = YES;
				INFOPLIST_KEY_UIApplicationSupportsIndirectInputEvents = YES;
				INFOPLIST_KEY_UILaunchScreen_Generation = YES;
				INFOPLIST_KEY_UISupportedInterfaceOrientations_iPad = "UIInterfaceOrientationPortrait UIInterfaceOrientationPortraitUpsideDown UIInterfaceOrientationLandscapeLeft UIInterfaceOrientationLandscapeRight";
				INFOPLIST_KEY_UISupportedInterfaceOrientations_iPhone = "UIInterfaceOrientationPortrait UIInterfaceOrientationLandscapeLeft UIInterfaceOrientationLandscapeRight";
				IPHONEOS_DEPLOYMENT_TARGET = 15.5;
				LD_RUNPATH_SEARCH_PATHS = (
					"$(inherited)",
					"@executable_path/Frameworks",
				);
				MARKETING_VERSION = 1.0;
				PRODUCT_BUNDLE_IDENTIFIER = Anyaoha.GentleApp;
				PRODUCT_NAME = GentleApp;
				SDKROOT = iphoneos;
				SWIFT_EMIT_LOC_STRINGS = YES;
				SWIFT_VERSION = 5.0;
				TARGETED_DEVICE_FAMILY = "1,2";
			};
			name = Debug;
		};
		4AA24B9B2898C168007801E0 /* Release */ = {
			isa = XCBuildConfiguration;
			buildSettings = {
				ASSETCATALOG_COMPILER_APPICON_NAME = AppIcon;
				ASSETCATALOG_COMPILER_GLOBAL_ACCENT_COLOR_NAME = AccentColor;
				CODE_SIGN_STYLE = Automatic;
				CURRENT_PROJECT_VERSION = 1;
				ENABLE_PREVIEWS = YES;
				GENERATE_INFOPLIST_FILE = YES;
				INFOPLIST_KEY_UIApplicationSceneManifest_Generation = YES;
				INFOPLIST_KEY_UIApplicationSupportsIndirectInputEvents = YES;
				INFOPLIST_KEY_UILaunchScreen_Generation = YES;
				INFOPLIST_KEY_UISupportedInterfaceOrientations_iPad = "UIInterfaceOrientationPortrait UIInterfaceOrientationPortraitUpsideDown UIInterfaceOrientationLandscapeLeft UIInterfaceOrientationLandscapeRight";
				INFOPLIST_KEY_UISupportedInterfaceOrientations_iPhone = "UIInterfaceOrientationPortrait UIInterfaceOrientationLandscapeLeft UIInterfaceOrientationLandscapeRight";
				IPHONEOS_DEPLOYMENT_TARGET = 15.5;
				LD_RUNPATH_SEARCH_PATHS = (
					"$(inherited)",
					"@executable_path/Frameworks",
				);
				MARKETING_VERSION = 1.0;
				PRODUCT_BUNDLE_IDENTIFIER = Anyaoha.GentleApp;
				PRODUCT_NAME = GentleApp;
				SDKROOT = iphoneos;
				SWIFT_EMIT_LOC_STRINGS = YES;
				SWIFT_VERSION = 5.0;
				TARGETED_DEVICE_FAMILY = "1,2";
				VALIDATE_PRODUCT = YES;
			};
			name = Release;
		};
		4AA24B9D2898C168007801E0 /* Debug */ = {
			isa = XCBuildConfiguration;
			buildSettings = {
				ASSETCATALOG_COMPILER_APPICON_NAME = AppIcon;
				ASSETCATALOG_COMPILER_GLOBAL_ACCENT_COLOR_NAME = AccentColor;
				CODE_SIGN_ENTITLEMENTS = macOS/macOS.entitlements;
				CODE_SIGN_STYLE = Automatic;
				COMBINE_HIDPI_IMAGES = YES;
				CURRENT_PROJECT_VERSION = 1;
				ENABLE_PREVIEWS = YES;
				GENERATE_INFOPLIST_FILE = YES;
				INFOPLIST_KEY_NSHumanReadableCopyright = "";
				LD_RUNPATH_SEARCH_PATHS = (
					"$(inherited)",
					"@executable_path/../Frameworks",
				);
				MACOSX_DEPLOYMENT_TARGET = 12.3;
				MARKETING_VERSION = 1.0;
				PRODUCT_BUNDLE_IDENTIFIER = Anyaoha.GentleApp;
				PRODUCT_NAME = GentleApp;
				SDKROOT = macosx;
				SWIFT_EMIT_LOC_STRINGS = YES;
				SWIFT_VERSION = 5.0;
			};
			name = Debug;
		};
		4AA24B9E2898C168007801E0 /* Release */ = {
			isa = XCBuildConfiguration;
			buildSettings = {
				ASSETCATALOG_COMPILER_APPICON_NAME = AppIcon;
				ASSETCATALOG_COMPILER_GLOBAL_ACCENT_COLOR_NAME = AccentColor;
				CODE_SIGN_ENTITLEMENTS = macOS/macOS.entitlements;
				CODE_SIGN_STYLE = Automatic;
				COMBINE_HIDPI_IMAGES = YES;
				CURRENT_PROJECT_VERSION = 1;
				ENABLE_PREVIEWS = YES;
				GENERATE_INFOPLIST_FILE = YES;
				INFOPLIST_KEY_NSHumanReadableCopyright = "";
				LD_RUNPATH_SEARCH_PATHS = (
					"$(inherited)",
					"@executable_path/../Frameworks",
				);
				MACOSX_DEPLOYMENT_TARGET = 12.3;
				MARKETING_VERSION = 1.0;
				PRODUCT_BUNDLE_IDENTIFIER = Anyaoha.GentleApp;
				PRODUCT_NAME = GentleApp;
				SDKROOT = macosx;
				SWIFT_EMIT_LOC_STRINGS = YES;
				SWIFT_VERSION = 5.0;
			};
			name = Release;
		};
		4AA24BA02898C168007801E0 /* Debug */ = {
			isa = XCBuildConfiguration;
			buildSettings = {
				ALWAYS_EMBED_SWIFT_STANDARD_LIBRARIES = YES;
				CODE_SIGN_STYLE = Automatic;
				CURRENT_PROJECT_VERSION = 1;
				GENERATE_INFOPLIST_FILE = YES;
				IPHONEOS_DEPLOYMENT_TARGET = 15.5;
				MARKETING_VERSION = 1.0;
				PRODUCT_BUNDLE_IDENTIFIER = "Anyaoha.Tests-iOS";
				PRODUCT_NAME = "$(TARGET_NAME)";
				SDKROOT = iphoneos;
				SWIFT_EMIT_LOC_STRINGS = NO;
				SWIFT_VERSION = 5.0;
				TARGETED_DEVICE_FAMILY = "1,2";
				TEST_TARGET_NAME = "GentleApp (iOS)";
			};
			name = Debug;
		};
		4AA24BA12898C168007801E0 /* Release */ = {
			isa = XCBuildConfiguration;
			buildSettings = {
				ALWAYS_EMBED_SWIFT_STANDARD_LIBRARIES = YES;
				CODE_SIGN_STYLE = Automatic;
				CURRENT_PROJECT_VERSION = 1;
				GENERATE_INFOPLIST_FILE = YES;
				IPHONEOS_DEPLOYMENT_TARGET = 15.5;
				MARKETING_VERSION = 1.0;
				PRODUCT_BUNDLE_IDENTIFIER = "Anyaoha.Tests-iOS";
				PRODUCT_NAME = "$(TARGET_NAME)";
				SDKROOT = iphoneos;
				SWIFT_EMIT_LOC_STRINGS = NO;
				SWIFT_VERSION = 5.0;
				TARGETED_DEVICE_FAMILY = "1,2";
				TEST_TARGET_NAME = "GentleApp (iOS)";
				VALIDATE_PRODUCT = YES;
			};
			name = Release;
		};
		4AA24BA32898C168007801E0 /* Debug */ = {
			isa = XCBuildConfiguration;
			buildSettings = {
				ALWAYS_EMBED_SWIFT_STANDARD_LIBRARIES = YES;
				CODE_SIGN_STYLE = Automatic;
				CURRENT_PROJECT_VERSION = 1;
				GENERATE_INFOPLIST_FILE = YES;
				MACOSX_DEPLOYMENT_TARGET = 12.3;
				MARKETING_VERSION = 1.0;
				PRODUCT_BUNDLE_IDENTIFIER = "Anyaoha.Tests-macOS";
				PRODUCT_NAME = "$(TARGET_NAME)";
				SDKROOT = macosx;
				SWIFT_EMIT_LOC_STRINGS = NO;
				SWIFT_VERSION = 5.0;
				TEST_TARGET_NAME = "GentleApp (macOS)";
			};
			name = Debug;
		};
		4AA24BA42898C168007801E0 /* Release */ = {
			isa = XCBuildConfiguration;
			buildSettings = {
				ALWAYS_EMBED_SWIFT_STANDARD_LIBRARIES = YES;
				CODE_SIGN_STYLE = Automatic;
				CURRENT_PROJECT_VERSION = 1;
				GENERATE_INFOPLIST_FILE = YES;
				MACOSX_DEPLOYMENT_TARGET = 12.3;
				MARKETING_VERSION = 1.0;
				PRODUCT_BUNDLE_IDENTIFIER = "Anyaoha.Tests-macOS";
				PRODUCT_NAME = "$(TARGET_NAME)";
				SDKROOT = macosx;
				SWIFT_EMIT_LOC_STRINGS = NO;
				SWIFT_VERSION = 5.0;
				TEST_TARGET_NAME = "GentleApp (macOS)";
			};
			name = Release;
		};
/* End XCBuildConfiguration section */

/* Begin XCConfigurationList section */
		4AA24B672898C164007801E0 /* Build configuration list for PBXProject "GentleApp" */ = {
			isa = XCConfigurationList;
			buildConfigurations = (
				4AA24B972898C168007801E0 /* Debug */,
				4AA24B982898C168007801E0 /* Release */,
			);
			defaultConfigurationIsVisible = 0;
			defaultConfigurationName = Release;
		};
		4AA24B992898C168007801E0 /* Build configuration list for PBXNativeTarget "GentleApp (iOS)" */ = {
			isa = XCConfigurationList;
			buildConfigurations = (
				4AA24B9A2898C168007801E0 /* Debug */,
				4AA24B9B2898C168007801E0 /* Release */,
			);
			defaultConfigurationIsVisible = 0;
			defaultConfigurationName = Release;
		};
		4AA24B9C2898C168007801E0 /* Build configuration list for PBXNativeTarget "GentleApp (macOS)" */ = {
			isa = XCConfigurationList;
			buildConfigurations = (
				4AA24B9D2898C168007801E0 /* Debug */,
				4AA24B9E2898C168007801E0 /* Release */,
			);
			defaultConfigurationIsVisible = 0;
			defaultConfigurationName = Release;
		};
		4AA24B9F2898C168007801E0 /* Build configuration list for PBXNativeTarget "Tests iOS" */ = {
			isa = XCConfigurationList;
			buildConfigurations = (
				4AA24BA02898C168007801E0 /* Debug */,
				4AA24BA12898C168007801E0 /* Release */,
			);
			defaultConfigurationIsVisible = 0;
			defaultConfigurationName = Release;
		};
		4AA24BA22898C168007801E0 /* Build configuration list for PBXNativeTarget "Tests macOS" */ = {
			isa = XCConfigurationList;
			buildConfigurations = (
				4AA24BA32898C168007801E0 /* Debug */,
				4AA24BA42898C168007801E0 /* Release */,
			);
			defaultConfigurationIsVisible = 0;
			defaultConfigurationName = Release;
		};
/* End XCConfigurationList section */
	};
	rootObject = 4AA24B642898C164007801E0 /* Project object */;
}
